
Microsoft Visual Studio Solution File, Format Version 12.00
# Visual Studio 15
VisualStudioVersion = 15.0.27703.2026
MinimumVisualStudioVersion = 10.0.40219.1
Project("{FAE04EC0-301F-11D3-BF4B-00C04F79EFBC}") = "Common", "Comp_Man\Common.csproj", "{0A9C8F09-7F34-4E35-BD23-CCB075F3B23B}"
EndProject
Project("{FAE04EC0-301F-11D3-BF4B-00C04F79EFBC}") = "DataAccess", "DataAccess\DataAccess.csproj", "{536DAE6D-CA62-4F59-9688-B9B97B8AA33A}"
EndProject
Project("{FAE04EC0-301F-11D3-BF4B-00C04F79EFBC}") = "Business", "Business\Business.csproj", "{A6A6B01F-D6F8-4766-A34E-9DBAC4F09602}"
EndProject
Project("{FAE04EC0-301F-11D3-BF4B-00C04F79EFBC}") = "UserInterface", "UserInterface\UserInterface.csproj", "{F3100539-353A-468E-A223-D6F859F867D7}"
EndProject
Project("{FAE04EC0-301F-11D3-BF4B-00C04F79EFBC}") = "Tests", "DataAccessTests\Tests.csproj", "{BDCB036D-33CD-459E-A7FD-5BF51CDD248D}"
EndProject
Global
	GlobalSection(SolutionConfigurationPlatforms) = preSolution
		Debug|Any CPU = Debug|Any CPU
		Release|Any CPU = Release|Any CPU
	EndGlobalSection
	GlobalSection(ProjectConfigurationPlatforms) = postSolution
		{0A9C8F09-7F34-4E35-BD23-CCB075F3B23B}.Debug|Any CPU.ActiveCfg = Debug|Any CPU
		{0A9C8F09-7F34-4E35-BD23-CCB075F3B23B}.Debug|Any CPU.Build.0 = Debug|Any CPU
		{0A9C8F09-7F34-4E35-BD23-CCB075F3B23B}.Release|Any CPU.ActiveCfg = Release|Any CPU
		{0A9C8F09-7F34-4E35-BD23-CCB075F3B23B}.Release|Any CPU.Build.0 = Release|Any CPU
		{536DAE6D-CA62-4F59-9688-B9B97B8AA33A}.Debug|Any CPU.ActiveCfg = Debug|Any CPU
		{536DAE6D-CA62-4F59-9688-B9B97B8AA33A}.Debug|Any CPU.Build.0 = Debug|Any CPU
		{536DAE6D-CA62-4F59-9688-B9B97B8AA33A}.Release|Any CPU.ActiveCfg = Release|Any CPU
		{536DAE6D-CA62-4F59-9688-B9B97B8AA33A}.Release|Any CPU.Build.0 = Release|Any CPU
		{A6A6B01F-D6F8-4766-A34E-9DBAC4F09602}.Debug|Any CPU.ActiveCfg = Debug|Any CPU
		{A6A6B01F-D6F8-4766-A34E-9DBAC4F09602}.Debug|Any CPU.Build.0 = Debug|Any CPU
		{A6A6B01F-D6F8-4766-A34E-9DBAC4F09602}.Release|Any CPU.ActiveCfg = Release|Any CPU
		{A6A6B01F-D6F8-4766-A34E-9DBAC4F09602}.Release|Any CPU.Build.0 = Release|Any CPU
		{F3100539-353A-468E-A223-D6F859F867D7}.Debug|Any CPU.ActiveCfg = Debug|Any CPU
		{F3100539-353A-468E-A223-D6F859F867D7}.Debug|Any CPU.Build.0 = Debug|Any CPU
		{F3100539-353A-468E-A223-D6F859F867D7}.Release|Any CPU.ActiveCfg = Release|Any CPU
		{F3100539-353A-468E-A223-D6F859F867D7}.Release|Any CPU.Build.0 = Release|Any CPU
		{BDCB036D-33CD-459E-A7FD-5BF51CDD248D}.Debug|Any CPU.ActiveCfg = Debug|Any CPU
		{BDCB036D-33CD-459E-A7FD-5BF51CDD248D}.Debug|Any CPU.Build.0 = Debug|Any CPU
		{BDCB036D-33CD-459E-A7FD-5BF51CDD248D}.Release|Any CPU.ActiveCfg = Release|Any CPU
		{BDCB036D-33CD-459E-A7FD-5BF51CDD248D}.Release|Any CPU.Build.0 = Release|Any CPU
	EndGlobalSection
	GlobalSection(SolutionProperties) = preSolution
		HideSolutionNode = FALSE
	EndGlobalSection
	GlobalSection(ExtensibilityGlobals) = postSolution
		SolutionGuid = {C1BC0061-EF4B-4C46-83AC-5976A1DB62EC}
	EndGlobalSection
EndGlobal
